{
  "name": "zrc",
  "lockfileVersion": 2,
  "requires": true,
  "packages": {
    "": {
      "dependencies": {
        "@zen-lang/hl7-fhir-uv-ichom-breastcancer": "file:hl7-fhir-uv-ichom-breastcancer",
        "@zen-lang/hl7-fhir-uv-sdc": "^0.5.20"
      }
    },
    "fhir-ichom-breast-cancer-ig": {
      "version": "0.5.18",
      "extraneous": true,
      "license": "MIT"
    },
    "hl7-fhir-uv-ichom-breastcancer": {
      "version": "0.5.20",
      "license": "MIT",
      "dependencies": {
        "@zen-lang/hl7-fhir-r4-core": "0.5.20"
      }
    },
    "node_modules/@zen-lang/hl7-fhir-r4-core": {
      "version": "0.5.20",
      "resolved": "https://registry.npmjs.org/@zen-lang/hl7-fhir-r4-core/-/hl7-fhir-r4-core-0.5.20.tgz",
      "integrity": "sha512-s3XCVnjOM+jojcoFMNq/rEqGl8CXHv9Q4ey/qoZNDHxZedCQkdLhEIBU49Zqq1bHtsiXDZi3+q8rIKSIvDF7tA=="
    },
    "node_modules/@zen-lang/hl7-fhir-uv-ichom-breastcancer": {
      "resolved": "hl7-fhir-uv-ichom-breastcancer",
      "link": true
    },
    "node_modules/@zen-lang/hl7-fhir-uv-sdc": {
      "version": "0.5.20",
      "resolved": "https://registry.npmjs.org/@zen-lang/hl7-fhir-uv-sdc/-/hl7-fhir-uv-sdc-0.5.20.tgz",
      "integrity": "sha512-5zI6vcZ6S31dIoQkfK88CnKhwhKRCCSKSea3XTgfJgCb9BdYyiaHTRqvp5mckuvTIksSuSTOCwszdvl6pSW4yg==",
      "dependencies": {
        "@zen-lang/hl7-fhir-r4-core": "0.5.20"
      }
    }
  },
  "dependencies": {
    "@zen-lang/hl7-fhir-r4-core": {
      "version": "0.5.20",
      "resolved": "https://registry.npmjs.org/@zen-lang/hl7-fhir-r4-core/-/hl7-fhir-r4-core-0.5.20.tgz",
      "integrity": "sha512-s3XCVnjOM+jojcoFMNq/rEqGl8CXHv9Q4ey/qoZNDHxZedCQkdLhEIBU49Zqq1bHtsiXDZi3+q8rIKSIvDF7tA=="
    },
    "@zen-lang/hl7-fhir-uv-ichom-breastcancer": {
      "version": "file:hl7-fhir-uv-ichom-breastcancer",
      "requires": {
        "@zen-lang/hl7-fhir-r4-core": "0.5.20"
      }
    },
    "@zen-lang/hl7-fhir-uv-sdc": {
      "version": "0.5.20",
      "resolved": "https://registry.npmjs.org/@zen-lang/hl7-fhir-uv-sdc/-/hl7-fhir-uv-sdc-0.5.20.tgz",
      "integrity": "sha512-5zI6vcZ6S31dIoQkfK88CnKhwhKRCCSKSea3XTgfJgCb9BdYyiaHTRqvp5mckuvTIksSuSTOCwszdvl6pSW4yg==",
      "requires": {
        "@zen-lang/hl7-fhir-r4-core": "0.5.20"
      }
    }
  }
}
